// !$*UTF8*$!
{
	archiveVersion = 1;
	classes = {
	};
	objectVersion = 51;
	objects = {

/* Begin PBXBuildFile section */
		51BD3E10D05DC5C3668DE72A /* Pods_MenusTask_MenusTaskUITests.framework in Frameworks */ = {isa = PBXBuildFile; fileRef = A11069702629808853803303 /* Pods_MenusTask_MenusTaskUITests.framework */; };
		628920AE8C7C925D415C0F61 /* Pods_MenusTask.framework in Frameworks */ = {isa = PBXBuildFile; fileRef = 44F3E3578FFDE002BCAAF86A /* Pods_MenusTask.framework */; };
		9240244D2B20742267133369 /* Pods_MenusTaskTests.framework in Frameworks */ = {isa = PBXBuildFile; fileRef = EE27A0DF2FDF4CB3487F49CE /* Pods_MenusTaskTests.framework */; };
		D0D9FB2923E4770C00269AD9 /* AppDelegate.swift in Sources */ = {isa = PBXBuildFile; fileRef = D0D9FB2823E4770C00269AD9 /* AppDelegate.swift */; };
		D0D9FB2B23E4770C00269AD9 /* SceneDelegate.swift in Sources */ = {isa = PBXBuildFile; fileRef = D0D9FB2A23E4770C00269AD9 /* SceneDelegate.swift */; };
		D0D9FB2D23E4770C00269AD9 /* HomeViewController.swift in Sources */ = {isa = PBXBuildFile; fileRef = D0D9FB2C23E4770C00269AD9 /* HomeViewController.swift */; };
		D0D9FB3023E4770C00269AD9 /* Main.storyboard in Resources */ = {isa = PBXBuildFile; fileRef = D0D9FB2E23E4770C00269AD9 /* Main.storyboard */; };
		D0D9FB3223E4770E00269AD9 /* Assets.xcassets in Resources */ = {isa = PBXBuildFile; fileRef = D0D9FB3123E4770E00269AD9 /* Assets.xcassets */; };
		D0D9FB3523E4770E00269AD9 /* LaunchScreen.storyboard in Resources */ = {isa = PBXBuildFile; fileRef = D0D9FB3323E4770E00269AD9 /* LaunchScreen.storyboard */; };
		D0D9FB4023E4770E00269AD9 /* MenusTaskTests.swift in Sources */ = {isa = PBXBuildFile; fileRef = D0D9FB3F23E4770E00269AD9 /* MenusTaskTests.swift */; };
		D0D9FB4B23E4770E00269AD9 /* MenusTaskUITests.swift in Sources */ = {isa = PBXBuildFile; fileRef = D0D9FB4A23E4770E00269AD9 /* MenusTaskUITests.swift */; };
		D0D9FB6A23E47CF200269AD9 /* HomeInteractor.swift in Sources */ = {isa = PBXBuildFile; fileRef = D0D9FB6923E47CF200269AD9 /* HomeInteractor.swift */; };
		D0D9FB6C23E47CFB00269AD9 /* HomePresenter.swift in Sources */ = {isa = PBXBuildFile; fileRef = D0D9FB6B23E47CFB00269AD9 /* HomePresenter.swift */; };
		D0D9FB6E23E47D0800269AD9 /* TagModel.swift in Sources */ = {isa = PBXBuildFile; fileRef = D0D9FB6D23E47D0800269AD9 /* TagModel.swift */; };
		D0D9FB7023E47D1000269AD9 /* HomeRouter.swift in Sources */ = {isa = PBXBuildFile; fileRef = D0D9FB6F23E47D1000269AD9 /* HomeRouter.swift */; };
		D0D9FB7423E47DF600269AD9 /* UIApplication+Extentions.swift in Sources */ = {isa = PBXBuildFile; fileRef = D0D9FB7323E47DF600269AD9 /* UIApplication+Extentions.swift */; };
		D0D9FB7623E47E3800269AD9 /* HomeView.swift in Sources */ = {isa = PBXBuildFile; fileRef = D0D9FB7523E47E3800269AD9 /* HomeView.swift */; };
		D0D9FB7823E47F6600269AD9 /* BaseRouter.swift in Sources */ = {isa = PBXBuildFile; fileRef = D0D9FB7723E47F6600269AD9 /* BaseRouter.swift */; };
		D0D9FB7A23E47FC400269AD9 /* AppConstant.swift in Sources */ = {isa = PBXBuildFile; fileRef = D0D9FB7923E47FC400269AD9 /* AppConstant.swift */; };
		D0D9FB7E23E4802A00269AD9 /* HomeConstant.swift in Sources */ = {isa = PBXBuildFile; fileRef = D0D9FB7D23E4802A00269AD9 /* HomeConstant.swift */; };
		D0D9FB8123E481B500269AD9 /* HomeTarget.swift in Sources */ = {isa = PBXBuildFile; fileRef = D0D9FB8023E481B500269AD9 /* HomeTarget.swift */; };
		D0D9FB8423E4837900269AD9 /* HomeBuilder.swift in Sources */ = {isa = PBXBuildFile; fileRef = D0D9FB8323E4837900269AD9 /* HomeBuilder.swift */; };
		D0D9FB8A23E48F5300269AD9 /* TagCollectionViewCell.swift in Sources */ = {isa = PBXBuildFile; fileRef = D0D9FB8823E48F5300269AD9 /* TagCollectionViewCell.swift */; };
		D0D9FB8B23E48F5300269AD9 /* TagCollectionViewCell.xib in Resources */ = {isa = PBXBuildFile; fileRef = D0D9FB8923E48F5300269AD9 /* TagCollectionViewCell.xib */; };
		D0D9FB8D23E4914300269AD9 /* UIImageView+Extentions.swift in Sources */ = {isa = PBXBuildFile; fileRef = D0D9FB8C23E4914300269AD9 /* UIImageView+Extentions.swift */; };
		D0D9FB8F23E491B800269AD9 /* CircularImageView.swift in Sources */ = {isa = PBXBuildFile; fileRef = D0D9FB8E23E491B800269AD9 /* CircularImageView.swift */; };
		D0D9FB9123E491E400269AD9 /* TagsDataSource.swift in Sources */ = {isa = PBXBuildFile; fileRef = D0D9FB9023E491E400269AD9 /* TagsDataSource.swift */; };
/* End PBXBuildFile section */

/* Begin PBXContainerItemProxy section */
		D0D9FB3C23E4770E00269AD9 /* PBXContainerItemProxy */ = {
			isa = PBXContainerItemProxy;
			containerPortal = D0D9FB1D23E4770C00269AD9 /* Project object */;
			proxyType = 1;
			remoteGlobalIDString = D0D9FB2423E4770C00269AD9;
			remoteInfo = MenusTask;
		};
		D0D9FB4723E4770E00269AD9 /* PBXContainerItemProxy */ = {
			isa = PBXContainerItemProxy;
			containerPortal = D0D9FB1D23E4770C00269AD9 /* Project object */;
			proxyType = 1;
			remoteGlobalIDString = D0D9FB2423E4770C00269AD9;
			remoteInfo = MenusTask;
		};
/* End PBXContainerItemProxy section */

/* Begin PBXFileReference section */
		2064E8389A39D9EBAE0E5D03 /* Pods-MenusTask-MenusTaskUITests.debug.xcconfig */ = {isa = PBXFileReference; includeInIndex = 1; lastKnownFileType = text.xcconfig; name = "Pods-MenusTask-MenusTaskUITests.debug.xcconfig"; path = "Target Support Files/Pods-MenusTask-MenusTaskUITests/Pods-MenusTask-MenusTaskUITests.debug.xcconfig"; sourceTree = "<group>"; };
		3CA4B9365F68F613262D1078 /* Pods-MenusTaskTests.release.xcconfig */ = {isa = PBXFileReference; includeInIndex = 1; lastKnownFileType = text.xcconfig; name = "Pods-MenusTaskTests.release.xcconfig"; path = "Target Support Files/Pods-MenusTaskTests/Pods-MenusTaskTests.release.xcconfig"; sourceTree = "<group>"; };
		44F3E3578FFDE002BCAAF86A /* Pods_MenusTask.framework */ = {isa = PBXFileReference; explicitFileType = wrapper.framework; includeInIndex = 0; path = Pods_MenusTask.framework; sourceTree = BUILT_PRODUCTS_DIR; };
		A11069702629808853803303 /* Pods_MenusTask_MenusTaskUITests.framework */ = {isa = PBXFileReference; explicitFileType = wrapper.framework; includeInIndex = 0; path = Pods_MenusTask_MenusTaskUITests.framework; sourceTree = BUILT_PRODUCTS_DIR; };
		B65DCF90AECFDEDDBE461920 /* Pods-MenusTask.release.xcconfig */ = {isa = PBXFileReference; includeInIndex = 1; lastKnownFileType = text.xcconfig; name = "Pods-MenusTask.release.xcconfig"; path = "Target Support Files/Pods-MenusTask/Pods-MenusTask.release.xcconfig"; sourceTree = "<group>"; };
		BA0259162F7D2054D7454A74 /* Pods-MenusTask.debug.xcconfig */ = {isa = PBXFileReference; includeInIndex = 1; lastKnownFileType = text.xcconfig; name = "Pods-MenusTask.debug.xcconfig"; path = "Target Support Files/Pods-MenusTask/Pods-MenusTask.debug.xcconfig"; sourceTree = "<group>"; };
		D0D9FB2523E4770C00269AD9 /* MenusTask.app */ = {isa = PBXFileReference; explicitFileType = wrapper.application; includeInIndex = 0; path = MenusTask.app; sourceTree = BUILT_PRODUCTS_DIR; };
		D0D9FB2823E4770C00269AD9 /* AppDelegate.swift */ = {isa = PBXFileReference; lastKnownFileType = sourcecode.swift; path = AppDelegate.swift; sourceTree = "<group>"; };
		D0D9FB2A23E4770C00269AD9 /* SceneDelegate.swift */ = {isa = PBXFileReference; lastKnownFileType = sourcecode.swift; path = SceneDelegate.swift; sourceTree = "<group>"; };
		D0D9FB2C23E4770C00269AD9 /* HomeViewController.swift */ = {isa = PBXFileReference; lastKnownFileType = sourcecode.swift; path = HomeViewController.swift; sourceTree = "<group>"; };
		D0D9FB2F23E4770C00269AD9 /* Base */ = {isa = PBXFileReference; lastKnownFileType = file.storyboard; name = Base; path = Base.lproj/Main.storyboard; sourceTree = "<group>"; };
		D0D9FB3123E4770E00269AD9 /* Assets.xcassets */ = {isa = PBXFileReference; lastKnownFileType = folder.assetcatalog; path = Assets.xcassets; sourceTree = "<group>"; };
		D0D9FB3423E4770E00269AD9 /* Base */ = {isa = PBXFileReference; lastKnownFileType = file.storyboard; name = Base; path = Base.lproj/LaunchScreen.storyboard; sourceTree = "<group>"; };
		D0D9FB3623E4770E00269AD9 /* Info.plist */ = {isa = PBXFileReference; lastKnownFileType = text.plist.xml; path = Info.plist; sourceTree = "<group>"; };
		D0D9FB3B23E4770E00269AD9 /* MenusTaskTests.xctest */ = {isa = PBXFileReference; explicitFileType = wrapper.cfbundle; includeInIndex = 0; path = MenusTaskTests.xctest; sourceTree = BUILT_PRODUCTS_DIR; };
		D0D9FB3F23E4770E00269AD9 /* MenusTaskTests.swift */ = {isa = PBXFileReference; lastKnownFileType = sourcecode.swift; path = MenusTaskTests.swift; sourceTree = "<group>"; };
		D0D9FB4123E4770E00269AD9 /* Info.plist */ = {isa = PBXFileReference; lastKnownFileType = text.plist.xml; path = Info.plist; sourceTree = "<group>"; };
		D0D9FB4623E4770E00269AD9 /* MenusTaskUITests.xctest */ = {isa = PBXFileReference; explicitFileType = wrapper.cfbundle; includeInIndex = 0; path = MenusTaskUITests.xctest; sourceTree = BUILT_PRODUCTS_DIR; };
		D0D9FB4A23E4770E00269AD9 /* MenusTaskUITests.swift */ = {isa = PBXFileReference; lastKnownFileType = sourcecode.swift; path = MenusTaskUITests.swift; sourceTree = "<group>"; };
		D0D9FB4C23E4770E00269AD9 /* Info.plist */ = {isa = PBXFileReference; lastKnownFileType = text.plist.xml; path = Info.plist; sourceTree = "<group>"; };
		D0D9FB6923E47CF200269AD9 /* HomeInteractor.swift */ = {isa = PBXFileReference; lastKnownFileType = sourcecode.swift; path = HomeInteractor.swift; sourceTree = "<group>"; };
		D0D9FB6B23E47CFB00269AD9 /* HomePresenter.swift */ = {isa = PBXFileReference; lastKnownFileType = sourcecode.swift; path = HomePresenter.swift; sourceTree = "<group>"; };
		D0D9FB6D23E47D0800269AD9 /* TagModel.swift */ = {isa = PBXFileReference; lastKnownFileType = sourcecode.swift; path = TagModel.swift; sourceTree = "<group>"; };
		D0D9FB6F23E47D1000269AD9 /* HomeRouter.swift */ = {isa = PBXFileReference; lastKnownFileType = sourcecode.swift; path = HomeRouter.swift; sourceTree = "<group>"; };
		D0D9FB7323E47DF600269AD9 /* UIApplication+Extentions.swift */ = {isa = PBXFileReference; lastKnownFileType = sourcecode.swift; path = "UIApplication+Extentions.swift"; sourceTree = "<group>"; };
		D0D9FB7523E47E3800269AD9 /* HomeView.swift */ = {isa = PBXFileReference; lastKnownFileType = sourcecode.swift; path = HomeView.swift; sourceTree = "<group>"; };
		D0D9FB7723E47F6600269AD9 /* BaseRouter.swift */ = {isa = PBXFileReference; fileEncoding = 4; lastKnownFileType = sourcecode.swift; path = BaseRouter.swift; sourceTree = "<group>"; };
		D0D9FB7923E47FC400269AD9 /* AppConstant.swift */ = {isa = PBXFileReference; lastKnownFileType = sourcecode.swift; path = AppConstant.swift; sourceTree = "<group>"; };
		D0D9FB7D23E4802A00269AD9 /* HomeConstant.swift */ = {isa = PBXFileReference; lastKnownFileType = sourcecode.swift; path = HomeConstant.swift; sourceTree = "<group>"; };
		D0D9FB8023E481B500269AD9 /* HomeTarget.swift */ = {isa = PBXFileReference; lastKnownFileType = sourcecode.swift; path = HomeTarget.swift; sourceTree = "<group>"; };
		D0D9FB8323E4837900269AD9 /* HomeBuilder.swift */ = {isa = PBXFileReference; lastKnownFileType = sourcecode.swift; path = HomeBuilder.swift; sourceTree = "<group>"; };
		D0D9FB8823E48F5300269AD9 /* TagCollectionViewCell.swift */ = {isa = PBXFileReference; lastKnownFileType = sourcecode.swift; path = TagCollectionViewCell.swift; sourceTree = "<group>"; };
		D0D9FB8923E48F5300269AD9 /* TagCollectionViewCell.xib */ = {isa = PBXFileReference; lastKnownFileType = file.xib; path = TagCollectionViewCell.xib; sourceTree = "<group>"; };
		D0D9FB8C23E4914300269AD9 /* UIImageView+Extentions.swift */ = {isa = PBXFileReference; lastKnownFileType = sourcecode.swift; path = "UIImageView+Extentions.swift"; sourceTree = "<group>"; };
		D0D9FB8E23E491B800269AD9 /* CircularImageView.swift */ = {isa = PBXFileReference; lastKnownFileType = sourcecode.swift; path = CircularImageView.swift; sourceTree = "<group>"; };
		D0D9FB9023E491E400269AD9 /* TagsDataSource.swift */ = {isa = PBXFileReference; lastKnownFileType = sourcecode.swift; path = TagsDataSource.swift; sourceTree = "<group>"; };
		D45DC173AF2F83C5EF742817 /* Pods-MenusTask-MenusTaskUITests.release.xcconfig */ = {isa = PBXFileReference; includeInIndex = 1; lastKnownFileType = text.xcconfig; name = "Pods-MenusTask-MenusTaskUITests.release.xcconfig"; path = "Target Support Files/Pods-MenusTask-MenusTaskUITests/Pods-MenusTask-MenusTaskUITests.release.xcconfig"; sourceTree = "<group>"; };
		EE27A0DF2FDF4CB3487F49CE /* Pods_MenusTaskTests.framework */ = {isa = PBXFileReference; explicitFileType = wrapper.framework; includeInIndex = 0; path = Pods_MenusTaskTests.framework; sourceTree = BUILT_PRODUCTS_DIR; };
		FF746C8F51607FEA89DD63C1 /* Pods-MenusTaskTests.debug.xcconfig */ = {isa = PBXFileReference; includeInIndex = 1; lastKnownFileType = text.xcconfig; name = "Pods-MenusTaskTests.debug.xcconfig"; path = "Target Support Files/Pods-MenusTaskTests/Pods-MenusTaskTests.debug.xcconfig"; sourceTree = "<group>"; };
/* End PBXFileReference section */

/* Begin PBXFrameworksBuildPhase section */
		D0D9FB2223E4770C00269AD9 /* Frameworks */ = {
			isa = PBXFrameworksBuildPhase;
			buildActionMask = 2147483647;
			files = (
				628920AE8C7C925D415C0F61 /* Pods_MenusTask.framework in Frameworks */,
			);
			runOnlyForDeploymentPostprocessing = 0;
		};
		D0D9FB3823E4770E00269AD9 /* Frameworks */ = {
			isa = PBXFrameworksBuildPhase;
			buildActionMask = 2147483647;
			files = (
				9240244D2B20742267133369 /* Pods_MenusTaskTests.framework in Frameworks */,
			);
			runOnlyForDeploymentPostprocessing = 0;
		};
		D0D9FB4323E4770E00269AD9 /* Frameworks */ = {
			isa = PBXFrameworksBuildPhase;
			buildActionMask = 2147483647;
			files = (
				51BD3E10D05DC5C3668DE72A /* Pods_MenusTask_MenusTaskUITests.framework in Frameworks */,
			);
			runOnlyForDeploymentPostprocessing = 0;
		};
/* End PBXFrameworksBuildPhase section */

/* Begin PBXGroup section */
		3DB97FE359AEB764165A62B0 /* Frameworks */ = {
			isa = PBXGroup;
			children = (
				44F3E3578FFDE002BCAAF86A /* Pods_MenusTask.framework */,
				A11069702629808853803303 /* Pods_MenusTask_MenusTaskUITests.framework */,
				EE27A0DF2FDF4CB3487F49CE /* Pods_MenusTaskTests.framework */,
			);
			name = Frameworks;
			sourceTree = "<group>";
		};
		C1D712762AAF2DAD0FDA963F /* Pods */ = {
			isa = PBXGroup;
			children = (
				BA0259162F7D2054D7454A74 /* Pods-MenusTask.debug.xcconfig */,
				B65DCF90AECFDEDDBE461920 /* Pods-MenusTask.release.xcconfig */,
				2064E8389A39D9EBAE0E5D03 /* Pods-MenusTask-MenusTaskUITests.debug.xcconfig */,
				D45DC173AF2F83C5EF742817 /* Pods-MenusTask-MenusTaskUITests.release.xcconfig */,
				FF746C8F51607FEA89DD63C1 /* Pods-MenusTaskTests.debug.xcconfig */,
				3CA4B9365F68F613262D1078 /* Pods-MenusTaskTests.release.xcconfig */,
			);
			path = Pods;
			sourceTree = "<group>";
		};
		D0D9FB1C23E4770C00269AD9 = {
			isa = PBXGroup;
			children = (
				D0D9FB2723E4770C00269AD9 /* MenusTask */,
				D0D9FB3E23E4770E00269AD9 /* MenusTaskTests */,
				D0D9FB4923E4770E00269AD9 /* MenusTaskUITests */,
				D0D9FB2623E4770C00269AD9 /* Products */,
				C1D712762AAF2DAD0FDA963F /* Pods */,
				3DB97FE359AEB764165A62B0 /* Frameworks */,
			);
			sourceTree = "<group>";
		};
		D0D9FB2623E4770C00269AD9 /* Products */ = {
			isa = PBXGroup;
			children = (
				D0D9FB2523E4770C00269AD9 /* MenusTask.app */,
				D0D9FB3B23E4770E00269AD9 /* MenusTaskTests.xctest */,
				D0D9FB4623E4770E00269AD9 /* MenusTaskUITests.xctest */,
			);
			name = Products;
			sourceTree = "<group>";
		};
		D0D9FB2723E4770C00269AD9 /* MenusTask */ = {
			isa = PBXGroup;
			children = (
				D0D9FB6823E479D300269AD9 /* Helpers */,
				D0D9FB6223E479D300269AD9 /* HomeModule */,
				D0D9FB2823E4770C00269AD9 /* AppDelegate.swift */,
				D0D9FB2A23E4770C00269AD9 /* SceneDelegate.swift */,
				D0D9FB2E23E4770C00269AD9 /* Main.storyboard */,
				D0D9FB3123E4770E00269AD9 /* Assets.xcassets */,
				D0D9FB3323E4770E00269AD9 /* LaunchScreen.storyboard */,
				D0D9FB3623E4770E00269AD9 /* Info.plist */,
			);
			path = MenusTask;
			sourceTree = "<group>";
		};
		D0D9FB3E23E4770E00269AD9 /* MenusTaskTests */ = {
			isa = PBXGroup;
			children = (
				D0D9FB3F23E4770E00269AD9 /* MenusTaskTests.swift */,
				D0D9FB4123E4770E00269AD9 /* Info.plist */,
			);
			path = MenusTaskTests;
			sourceTree = "<group>";
		};
		D0D9FB4923E4770E00269AD9 /* MenusTaskUITests */ = {
			isa = PBXGroup;
			children = (
				D0D9FB4A23E4770E00269AD9 /* MenusTaskUITests.swift */,
				D0D9FB4C23E4770E00269AD9 /* Info.plist */,
			);
			path = MenusTaskUITests;
			sourceTree = "<group>";
		};
		D0D9FB6223E479D300269AD9 /* HomeModule */ = {
			isa = PBXGroup;
			children = (
				D0D9FB8523E48EBB00269AD9 /* Cells */,
				D0D9FB8223E482A900269AD9 /* HomeBuilder */,
				D0D9FB7F23E4819E00269AD9 /* Target */,
				D0D9FB7C23E4801700269AD9 /* Constant */,
				D0D9FB6723E479D300269AD9 /* Router */,
				D0D9FB6323E479D300269AD9 /* Entity */,
				D0D9FB6423E479D300269AD9 /* Presenter */,
				D0D9FB6623E479D300269AD9 /* Interactor */,
				D0D9FB6523E479D300269AD9 /* View */,
			);
			path = HomeModule;
			sourceTree = "<group>";
		};
		D0D9FB6323E479D300269AD9 /* Entity */ = {
			isa = PBXGroup;
			children = (
				D0D9FB6D23E47D0800269AD9 /* TagModel.swift */,
			);
			path = Entity;
			sourceTree = "<group>";
		};
		D0D9FB6423E479D300269AD9 /* Presenter */ = {
			isa = PBXGroup;
			children = (
				D0D9FB6B23E47CFB00269AD9 /* HomePresenter.swift */,
			);
			path = Presenter;
			sourceTree = "<group>";
		};
		D0D9FB6523E479D300269AD9 /* View */ = {
			isa = PBXGroup;
			children = (
				D0D9FB2C23E4770C00269AD9 /* HomeViewController.swift */,
				D0D9FB7523E47E3800269AD9 /* HomeView.swift */,
			);
			path = View;
			sourceTree = "<group>";
		};
		D0D9FB6623E479D300269AD9 /* Interactor */ = {
			isa = PBXGroup;
			children = (
				D0D9FB6923E47CF200269AD9 /* HomeInteractor.swift */,
			);
			path = Interactor;
			sourceTree = "<group>";
		};
		D0D9FB6723E479D300269AD9 /* Router */ = {
			isa = PBXGroup;
			children = (
				D0D9FB6F23E47D1000269AD9 /* HomeRouter.swift */,
			);
			path = Router;
			sourceTree = "<group>";
		};
		D0D9FB6823E479D300269AD9 /* Helpers */ = {
			isa = PBXGroup;
			children = (
				D0D9FB7723E47F6600269AD9 /* BaseRouter.swift */,
				D0D9FB7323E47DF600269AD9 /* UIApplication+Extentions.swift */,
				D0D9FB7923E47FC400269AD9 /* AppConstant.swift */,
				D0D9FB8C23E4914300269AD9 /* UIImageView+Extentions.swift */,
				D0D9FB8E23E491B800269AD9 /* CircularImageView.swift */,
			);
			path = Helpers;
			sourceTree = "<group>";
		};
		D0D9FB7C23E4801700269AD9 /* Constant */ = {
			isa = PBXGroup;
			children = (
				D0D9FB7D23E4802A00269AD9 /* HomeConstant.swift */,
			);
			path = Constant;
			sourceTree = "<group>";
		};
		D0D9FB7F23E4819E00269AD9 /* Target */ = {
			isa = PBXGroup;
			children = (
				D0D9FB8023E481B500269AD9 /* HomeTarget.swift */,
			);
			path = Target;
			sourceTree = "<group>";
		};
		D0D9FB8223E482A900269AD9 /* HomeBuilder */ = {
			isa = PBXGroup;
			children = (
				D0D9FB8323E4837900269AD9 /* HomeBuilder.swift */,
			);
			path = HomeBuilder;
			sourceTree = "<group>";
		};
		D0D9FB8523E48EBB00269AD9 /* Cells */ = {
			isa = PBXGroup;
			children = (
				D0D9FB8723E48F4100269AD9 /* TableCells */,
				D0D9FB8623E48F3800269AD9 /* CollectionCells */,
			);
			path = Cells;
			sourceTree = "<group>";
		};
		D0D9FB8623E48F3800269AD9 /* CollectionCells */ = {
			isa = PBXGroup;
			children = (
				D0D9FB8823E48F5300269AD9 /* TagCollectionViewCell.swift */,
				D0D9FB8923E48F5300269AD9 /* TagCollectionViewCell.xib */,
				D0D9FB9023E491E400269AD9 /* TagsDataSource.swift */,
			);
			path = CollectionCells;
			sourceTree = "<group>";
		};
		D0D9FB8723E48F4100269AD9 /* TableCells */ = {
			isa = PBXGroup;
			children = (
			);
			path = TableCells;
			sourceTree = "<group>";
		};
/* End PBXGroup section */

/* Begin PBXNativeTarget section */
		D0D9FB2423E4770C00269AD9 /* MenusTask */ = {
			isa = PBXNativeTarget;
			buildConfigurationList = D0D9FB4F23E4770E00269AD9 /* Build configuration list for PBXNativeTarget "MenusTask" */;
			buildPhases = (
				C1DC2BC6D5A4D7F343895AE8 /* [CP] Check Pods Manifest.lock */,
				D0D9FB2123E4770C00269AD9 /* Sources */,
				D0D9FB2223E4770C00269AD9 /* Frameworks */,
				D0D9FB2323E4770C00269AD9 /* Resources */,
				7FE78DB90F73530D1427D9F4 /* [CP] Embed Pods Frameworks */,
			);
			buildRules = (
			);
			dependencies = (
			);
			name = MenusTask;
			productName = MenusTask;
			productReference = D0D9FB2523E4770C00269AD9 /* MenusTask.app */;
			productType = "com.apple.product-type.application";
		};
		D0D9FB3A23E4770E00269AD9 /* MenusTaskTests */ = {
			isa = PBXNativeTarget;
			buildConfigurationList = D0D9FB5223E4770E00269AD9 /* Build configuration list for PBXNativeTarget "MenusTaskTests" */;
			buildPhases = (
				859EC62A51AAC7521F6741E5 /* [CP] Check Pods Manifest.lock */,
				D0D9FB3723E4770E00269AD9 /* Sources */,
				D0D9FB3823E4770E00269AD9 /* Frameworks */,
				D0D9FB3923E4770E00269AD9 /* Resources */,
			);
			buildRules = (
			);
			dependencies = (
				D0D9FB3D23E4770E00269AD9 /* PBXTargetDependency */,
			);
			name = MenusTaskTests;
			productName = MenusTaskTests;
			productReference = D0D9FB3B23E4770E00269AD9 /* MenusTaskTests.xctest */;
			productType = "com.apple.product-type.bundle.unit-test";
		};
		D0D9FB4523E4770E00269AD9 /* MenusTaskUITests */ = {
			isa = PBXNativeTarget;
			buildConfigurationList = D0D9FB5523E4770E00269AD9 /* Build configuration list for PBXNativeTarget "MenusTaskUITests" */;
			buildPhases = (
				FDC9450F351898BDD18D3510 /* [CP] Check Pods Manifest.lock */,
				D0D9FB4223E4770E00269AD9 /* Sources */,
				D0D9FB4323E4770E00269AD9 /* Frameworks */,
				D0D9FB4423E4770E00269AD9 /* Resources */,
				8D607BE720F7E7FEF2473C56 /* [CP] Embed Pods Frameworks */,
			);
			buildRules = (
			);
			dependencies = (
				D0D9FB4823E4770E00269AD9 /* PBXTargetDependency */,
			);
			name = MenusTaskUITests;
			productName = MenusTaskUITests;
			productReference = D0D9FB4623E4770E00269AD9 /* MenusTaskUITests.xctest */;
			productType = "com.apple.product-type.bundle.ui-testing";
		};
/* End PBXNativeTarget section */

/* Begin PBXProject section */
		D0D9FB1D23E4770C00269AD9 /* Project object */ = {
			isa = PBXProject;
			attributes = {
				LastSwiftUpdateCheck = 1120;
				LastUpgradeCheck = 1120;
				ORGANIZATIONNAME = "Mena Gamal";
				TargetAttributes = {
					D0D9FB2423E4770C00269AD9 = {
						CreatedOnToolsVersion = 11.2.1;
					};
					D0D9FB3A23E4770E00269AD9 = {
						CreatedOnToolsVersion = 11.2.1;
						TestTargetID = D0D9FB2423E4770C00269AD9;
					};
					D0D9FB4523E4770E00269AD9 = {
						CreatedOnToolsVersion = 11.2.1;
						TestTargetID = D0D9FB2423E4770C00269AD9;
					};
				};
			};
			buildConfigurationList = D0D9FB2023E4770C00269AD9 /* Build configuration list for PBXProject "MenusTask" */;
			compatibilityVersion = "Xcode 9.3";
			developmentRegion = en;
			hasScannedForEncodings = 0;
			knownRegions = (
				en,
				Base,
			);
			mainGroup = D0D9FB1C23E4770C00269AD9;
			productRefGroup = D0D9FB2623E4770C00269AD9 /* Products */;
			projectDirPath = "";
			projectRoot = "";
			targets = (
				D0D9FB2423E4770C00269AD9 /* MenusTask */,
				D0D9FB3A23E4770E00269AD9 /* MenusTaskTests */,
				D0D9FB4523E4770E00269AD9 /* MenusTaskUITests */,
			);
		};
/* End PBXProject section */

/* Begin PBXResourcesBuildPhase section */
		D0D9FB2323E4770C00269AD9 /* Resources */ = {
			isa = PBXResourcesBuildPhase;
			buildActionMask = 2147483647;
			files = (
				D0D9FB3523E4770E00269AD9 /* LaunchScreen.storyboard in Resources */,
				D0D9FB8B23E48F5300269AD9 /* TagCollectionViewCell.xib in Resources */,
				D0D9FB3223E4770E00269AD9 /* Assets.xcassets in Resources */,
				D0D9FB3023E4770C00269AD9 /* Main.storyboard in Resources */,
			);
			runOnlyForDeploymentPostprocessing = 0;
		};
		D0D9FB3923E4770E00269AD9 /* Resources */ = {
			isa = PBXResourcesBuildPhase;
			buildActionMask = 2147483647;
			files = (
			);
			runOnlyForDeploymentPostprocessing = 0;
		};
		D0D9FB4423E4770E00269AD9 /* Resources */ = {
			isa = PBXResourcesBuildPhase;
			buildActionMask = 2147483647;
			files = (
			);
			runOnlyForDeploymentPostprocessing = 0;
		};
/* End PBXResourcesBuildPhase section */

/* Begin PBXShellScriptBuildPhase section */
		7FE78DB90F73530D1427D9F4 /* [CP] Embed Pods Frameworks */ = {
			isa = PBXShellScriptBuildPhase;
			buildActionMask = 2147483647;
			files = (
			);
			inputFileListPaths = (
				"${PODS_ROOT}/Target Support Files/Pods-MenusTask/Pods-MenusTask-frameworks-${CONFIGURATION}-input-files.xcfilelist",
			);
			name = "[CP] Embed Pods Frameworks";
			outputFileListPaths = (
				"${PODS_ROOT}/Target Support Files/Pods-MenusTask/Pods-MenusTask-frameworks-${CONFIGURATION}-output-files.xcfilelist",
			);
			runOnlyForDeploymentPostprocessing = 0;
			shellPath = /bin/sh;
			shellScript = "\"${PODS_ROOT}/Target Support Files/Pods-MenusTask/Pods-MenusTask-frameworks.sh\"\n";
			showEnvVarsInLog = 0;
		};
		859EC62A51AAC7521F6741E5 /* [CP] Check Pods Manifest.lock */ = {
			isa = PBXShellScriptBuildPhase;
			buildActionMask = 2147483647;
			files = (
			);
			inputFileListPaths = (
			);
			inputPaths = (
				"${PODS_PODFILE_DIR_PATH}/Podfile.lock",
				"${PODS_ROOT}/Manifest.lock",
			);
			name = "[CP] Check Pods Manifest.lock";
			outputFileListPaths = (
			);
			outputPaths = (
				"$(DERIVED_FILE_DIR)/Pods-MenusTaskTests-checkManifestLockResult.txt",
			);
			runOnlyForDeploymentPostprocessing = 0;
			shellPath = /bin/sh;
			shellScript = "diff \"${PODS_PODFILE_DIR_PATH}/Podfile.lock\" \"${PODS_ROOT}/Manifest.lock\" > /dev/null\nif [ $? != 0 ] ; then\n    # print error to STDERR\n    echo \"error: The sandbox is not in sync with the Podfile.lock. Run 'pod install' or update your CocoaPods installation.\" >&2\n    exit 1\nfi\n# This output is used by Xcode 'outputs' to avoid re-running this script phase.\necho \"SUCCESS\" > \"${SCRIPT_OUTPUT_FILE_0}\"\n";
			showEnvVarsInLog = 0;
		};
		8D607BE720F7E7FEF2473C56 /* [CP] Embed Pods Frameworks */ = {
			isa = PBXShellScriptBuildPhase;
			buildActionMask = 2147483647;
			files = (
			);
			inputFileListPaths = (
				"${PODS_ROOT}/Target Support Files/Pods-MenusTask-MenusTaskUITests/Pods-MenusTask-MenusTaskUITests-frameworks-${CONFIGURATION}-input-files.xcfilelist",
			);
			name = "[CP] Embed Pods Frameworks";
			outputFileListPaths = (
				"${PODS_ROOT}/Target Support Files/Pods-MenusTask-MenusTaskUITests/Pods-MenusTask-MenusTaskUITests-frameworks-${CONFIGURATION}-output-files.xcfilelist",
			);
			runOnlyForDeploymentPostprocessing = 0;
			shellPath = /bin/sh;
			shellScript = "\"${PODS_ROOT}/Target Support Files/Pods-MenusTask-MenusTaskUITests/Pods-MenusTask-MenusTaskUITests-frameworks.sh\"\n";
			showEnvVarsInLog = 0;
		};
		C1DC2BC6D5A4D7F343895AE8 /* [CP] Check Pods Manifest.lock */ = {
			isa = PBXShellScriptBuildPhase;
			buildActionMask = 2147483647;
			files = (
			);
			inputFileListPaths = (
			);
			inputPaths = (
				"${PODS_PODFILE_DIR_PATH}/Podfile.lock",
				"${PODS_ROOT}/Manifest.lock",
			);
			name = "[CP] Check Pods Manifest.lock";
			outputFileListPaths = (
			);
			outputPaths = (
				"$(DERIVED_FILE_DIR)/Pods-MenusTask-checkManifestLockResult.txt",
			);
			runOnlyForDeploymentPostprocessing = 0;
			shellPath = /bin/sh;
			shellScript = "diff \"${PODS_PODFILE_DIR_PATH}/Podfile.lock\" \"${PODS_ROOT}/Manifest.lock\" > /dev/null\nif [ $? != 0 ] ; then\n    # print error to STDERR\n    echo \"error: The sandbox is not in sync with the Podfile.lock. Run 'pod install' or update your CocoaPods installation.\" >&2\n    exit 1\nfi\n# This output is used by Xcode 'outputs' to avoid re-running this script phase.\necho \"SUCCESS\" > \"${SCRIPT_OUTPUT_FILE_0}\"\n";
			showEnvVarsInLog = 0;
		};
		FDC9450F351898BDD18D3510 /* [CP] Check Pods Manifest.lock */ = {
			isa = PBXShellScriptBuildPhase;
			buildActionMask = 2147483647;
			files = (
			);
			inputFileListPaths = (
			);
			inputPaths = (
				"${PODS_PODFILE_DIR_PATH}/Podfile.lock",
				"${PODS_ROOT}/Manifest.lock",
			);
			name = "[CP] Check Pods Manifest.lock";
			outputFileListPaths = (
			);
			outputPaths = (
				"$(DERIVED_FILE_DIR)/Pods-MenusTask-MenusTaskUITests-checkManifestLockResult.txt",
			);
			runOnlyForDeploymentPostprocessing = 0;
			shellPath = /bin/sh;
			shellScript = "diff \"${PODS_PODFILE_DIR_PATH}/Podfile.lock\" \"${PODS_ROOT}/Manifest.lock\" > /dev/null\nif [ $? != 0 ] ; then\n    # print error to STDERR\n    echo \"error: The sandbox is not in sync with the Podfile.lock. Run 'pod install' or update your CocoaPods installation.\" >&2\n    exit 1\nfi\n# This output is used by Xcode 'outputs' to avoid re-running this script phase.\necho \"SUCCESS\" > \"${SCRIPT_OUTPUT_FILE_0}\"\n";
			showEnvVarsInLog = 0;
		};
/* End PBXShellScriptBuildPhase section */

/* Begin PBXSourcesBuildPhase section */
		D0D9FB2123E4770C00269AD9 /* Sources */ = {
			isa = PBXSourcesBuildPhase;
			buildActionMask = 2147483647;
			files = (
				D0D9FB6E23E47D0800269AD9 /* TagModel.swift in Sources */,
				D0D9FB7A23E47FC400269AD9 /* AppConstant.swift in Sources */,
				D0D9FB2D23E4770C00269AD9 /* HomeViewController.swift in Sources */,
				D0D9FB7023E47D1000269AD9 /* HomeRouter.swift in Sources */,
				D0D9FB8123E481B500269AD9 /* HomeTarget.swift in Sources */,
				D0D9FB7623E47E3800269AD9 /* HomeView.swift in Sources */,
				D0D9FB2923E4770C00269AD9 /* AppDelegate.swift in Sources */,
				D0D9FB2B23E4770C00269AD9 /* SceneDelegate.swift in Sources */,
				D0D9FB7423E47DF600269AD9 /* UIApplication+Extentions.swift in Sources */,
				D0D9FB7E23E4802A00269AD9 /* HomeConstant.swift in Sources */,
				D0D9FB8423E4837900269AD9 /* HomeBuilder.swift in Sources */,
				D0D9FB9123E491E400269AD9 /* TagsDataSource.swift in Sources */,
				D0D9FB8F23E491B800269AD9 /* CircularImageView.swift in Sources */,
				D0D9FB7823E47F6600269AD9 /* BaseRouter.swift in Sources */,
				D0D9FB8A23E48F5300269AD9 /* TagCollectionViewCell.swift in Sources */,
				D0D9FB6C23E47CFB00269AD9 /* HomePresenter.swift in Sources */,
				D0D9FB6A23E47CF200269AD9 /* HomeInteractor.swift in Sources */,
				D0D9FB8D23E4914300269AD9 /* UIImageView+Extentions.swift in Sources */,
			);
			runOnlyForDeploymentPostprocessing = 0;
		};
		D0D9FB3723E4770E00269AD9 /* Sources */ = {
			isa = PBXSourcesBuildPhase;
			buildActionMask = 2147483647;
			files = (
				D0D9FB4023E4770E00269AD9 /* MenusTaskTests.swift in Sources */,
			);
			runOnlyForDeploymentPostprocessing = 0;
		};
		D0D9FB4223E4770E00269AD9 /* Sources */ = {
			isa = PBXSourcesBuildPhase;
			buildActionMask = 2147483647;
			files = (
				D0D9FB4B23E4770E00269AD9 /* MenusTaskUITests.swift in Sources */,
			);
			runOnlyForDeploymentPostprocessing = 0;
		};
/* End PBXSourcesBuildPhase section */

/* Begin PBXTargetDependency section */
		D0D9FB3D23E4770E00269AD9 /* PBXTargetDependency */ = {
			isa = PBXTargetDependency;
			target = D0D9FB2423E4770C00269AD9 /* MenusTask */;
			targetProxy = D0D9FB3C23E4770E00269AD9 /* PBXContainerItemProxy */;
		};
		D0D9FB4823E4770E00269AD9 /* PBXTargetDependency */ = {
			isa = PBXTargetDependency;
			target = D0D9FB2423E4770C00269AD9 /* MenusTask */;
			targetProxy = D0D9FB4723E4770E00269AD9 /* PBXContainerItemProxy */;
		};
/* End PBXTargetDependency section */

/* Begin PBXVariantGroup section */
		D0D9FB2E23E4770C00269AD9 /* Main.storyboard */ = {
			isa = PBXVariantGroup;
			children = (
				D0D9FB2F23E4770C00269AD9 /* Base */,
			);
			name = Main.storyboard;
			sourceTree = "<group>";
		};
		D0D9FB3323E4770E00269AD9 /* LaunchScreen.storyboard */ = {
			isa = PBXVariantGroup;
			children = (
				D0D9FB3423E4770E00269AD9 /* Base */,
			);
			name = LaunchScreen.storyboard;
			sourceTree = "<group>";
		};
/* End PBXVariantGroup section */

/* Begin XCBuildConfiguration section */
		D0D9FB4D23E4770E00269AD9 /* Debug */ = {
			isa = XCBuildConfiguration;
			buildSettings = {
				ALWAYS_SEARCH_USER_PATHS = NO;
				CLANG_ANALYZER_NONNULL = YES;
				CLANG_ANALYZER_NUMBER_OBJECT_CONVERSION = YES_AGGRESSIVE;
				CLANG_CXX_LANGUAGE_STANDARD = "gnu++14";
				CLANG_CXX_LIBRARY = "libc++";
				CLANG_ENABLE_MODULES = YES;
				CLANG_ENABLE_OBJC_ARC = YES;
				CLANG_ENABLE_OBJC_WEAK = YES;
				CLANG_WARN_BLOCK_CAPTURE_AUTORELEASING = YES;
				CLANG_WARN_BOOL_CONVERSION = YES;
				CLANG_WARN_COMMA = YES;
				CLANG_WARN_CONSTANT_CONVERSION = YES;
				CLANG_WARN_DEPRECATED_OBJC_IMPLEMENTATIONS = YES;
				CLANG_WARN_DIRECT_OBJC_ISA_USAGE = YES_ERROR;
				CLANG_WARN_DOCUMENTATION_COMMENTS = YES;
				CLANG_WARN_EMPTY_BODY = YES;
				CLANG_WARN_ENUM_CONVERSION = YES;
				CLANG_WARN_INFINITE_RECURSION = YES;
				CLANG_WARN_INT_CONVERSION = YES;
				CLANG_WARN_NON_LITERAL_NULL_CONVERSION = YES;
				CLANG_WARN_OBJC_IMPLICIT_RETAIN_SELF = YES;
				CLANG_WARN_OBJC_LITERAL_CONVERSION = YES;
				CLANG_WARN_OBJC_ROOT_CLASS = YES_ERROR;
				CLANG_WARN_RANGE_LOOP_ANALYSIS = YES;
				CLANG_WARN_STRICT_PROTOTYPES = YES;
				CLANG_WARN_SUSPICIOUS_MOVE = YES;
				CLANG_WARN_UNGUARDED_AVAILABILITY = YES_AGGRESSIVE;
				CLANG_WARN_UNREACHABLE_CODE = YES;
				CLANG_WARN__DUPLICATE_METHOD_MATCH = YES;
				COPY_PHASE_STRIP = NO;
				DEBUG_INFORMATION_FORMAT = dwarf;
				ENABLE_STRICT_OBJC_MSGSEND = YES;
				ENABLE_TESTABILITY = YES;
				GCC_C_LANGUAGE_STANDARD = gnu11;
				GCC_DYNAMIC_NO_PIC = NO;
				GCC_NO_COMMON_BLOCKS = YES;
				GCC_OPTIMIZATION_LEVEL = 0;
				GCC_PREPROCESSOR_DEFINITIONS = (
					"DEBUG=1",
					"$(inherited)",
				);
				GCC_WARN_64_TO_32_BIT_CONVERSION = YES;
				GCC_WARN_ABOUT_RETURN_TYPE = YES_ERROR;
				GCC_WARN_UNDECLARED_SELECTOR = YES;
				GCC_WARN_UNINITIALIZED_AUTOS = YES_AGGRESSIVE;
				GCC_WARN_UNUSED_FUNCTION = YES;
				GCC_WARN_UNUSED_VARIABLE = YES;
				IPHONEOS_DEPLOYMENT_TARGET = 13.2;
				MTL_ENABLE_DEBUG_INFO = INCLUDE_SOURCE;
				MTL_FAST_MATH = YES;
				ONLY_ACTIVE_ARCH = YES;
				SDKROOT = iphoneos;
				SWIFT_ACTIVE_COMPILATION_CONDITIONS = DEBUG;
				SWIFT_OPTIMIZATION_LEVEL = "-Onone";
			};
			name = Debug;
		};
		D0D9FB4E23E4770E00269AD9 /* Release */ = {
			isa = XCBuildConfiguration;
			buildSettings = {
				ALWAYS_SEARCH_USER_PATHS = NO;
				CLANG_ANALYZER_NONNULL = YES;
				CLANG_ANALYZER_NUMBER_OBJECT_CONVERSION = YES_AGGRESSIVE;
				CLANG_CXX_LANGUAGE_STANDARD = "gnu++14";
				CLANG_CXX_LIBRARY = "libc++";
				CLANG_ENABLE_MODULES = YES;
				CLANG_ENABLE_OBJC_ARC = YES;
				CLANG_ENABLE_OBJC_WEAK = YES;
				CLANG_WARN_BLOCK_CAPTURE_AUTORELEASING = YES;
				CLANG_WARN_BOOL_CONVERSION = YES;
				CLANG_WARN_COMMA = YES;
				CLANG_WARN_CONSTANT_CONVERSION = YES;
				CLANG_WARN_DEPRECATED_OBJC_IMPLEMENTATIONS = YES;
				CLANG_WARN_DIRECT_OBJC_ISA_USAGE = YES_ERROR;
				CLANG_WARN_DOCUMENTATION_COMMENTS = YES;
				CLANG_WARN_EMPTY_BODY = YES;
				CLANG_WARN_ENUM_CONVERSION = YES;
				CLANG_WARN_INFINITE_RECURSION = YES;
				CLANG_WARN_INT_CONVERSION = YES;
				CLANG_WARN_NON_LITERAL_NULL_CONVERSION = YES;
				CLANG_WARN_OBJC_IMPLICIT_RETAIN_SELF = YES;
				CLANG_WARN_OBJC_LITERAL_CONVERSION = YES;
				CLANG_WARN_OBJC_ROOT_CLASS = YES_ERROR;
				CLANG_WARN_RANGE_LOOP_ANALYSIS = YES;
				CLANG_WARN_STRICT_PROTOTYPES = YES;
				CLANG_WARN_SUSPICIOUS_MOVE = YES;
				CLANG_WARN_UNGUARDED_AVAILABILITY = YES_AGGRESSIVE;
				CLANG_WARN_UNREACHABLE_CODE = YES;
				CLANG_WARN__DUPLICATE_METHOD_MATCH = YES;
				COPY_PHASE_STRIP = NO;
				DEBUG_INFORMATION_FORMAT = "dwarf-with-dsym";
				ENABLE_NS_ASSERTIONS = NO;
				ENABLE_STRICT_OBJC_MSGSEND = YES;
				GCC_C_LANGUAGE_STANDARD = gnu11;
				GCC_NO_COMMON_BLOCKS = YES;
				GCC_WARN_64_TO_32_BIT_CONVERSION = YES;
				GCC_WARN_ABOUT_RETURN_TYPE = YES_ERROR;
				GCC_WARN_UNDECLARED_SELECTOR = YES;
				GCC_WARN_UNINITIALIZED_AUTOS = YES_AGGRESSIVE;
				GCC_WARN_UNUSED_FUNCTION = YES;
				GCC_WARN_UNUSED_VARIABLE = YES;
				IPHONEOS_DEPLOYMENT_TARGET = 13.2;
				MTL_ENABLE_DEBUG_INFO = NO;
				MTL_FAST_MATH = YES;
				SDKROOT = iphoneos;
				SWIFT_COMPILATION_MODE = wholemodule;
				SWIFT_OPTIMIZATION_LEVEL = "-O";
				VALIDATE_PRODUCT = YES;
			};
			name = Release;
		};
		D0D9FB5023E4770E00269AD9 /* Debug */ = {
			isa = XCBuildConfiguration;
			baseConfigurationReference = BA0259162F7D2054D7454A74 /* Pods-MenusTask.debug.xcconfig */;
			buildSettings = {
				ASSETCATALOG_COMPILER_APPICON_NAME = AppIcon;
				CODE_SIGN_STYLE = Automatic;
				DEVELOPMENT_TEAM = RHBB3377R2;
				INFOPLIST_FILE = MenusTask/Info.plist;
				LD_RUNPATH_SEARCH_PATHS = (
					"$(inherited)",
					"@executable_path/Frameworks",
				);
				PRODUCT_BUNDLE_IDENTIFIER = com.mena.MenusTask;
				PRODUCT_NAME = "$(TARGET_NAME)";
				SWIFT_VERSION = 5.0;
				TARGETED_DEVICE_FAMILY = "1,2";
			};
			name = Debug;
		};
		D0D9FB5123E4770E00269AD9 /* Release */ = {
			isa = XCBuildConfiguration;
			baseConfigurationReference = B65DCF90AECFDEDDBE461920 /* Pods-MenusTask.release.xcconfig */;
			buildSettings = {
				ASSETCATALOG_COMPILER_APPICON_NAME = AppIcon;
				CODE_SIGN_STYLE = Automatic;
				DEVELOPMENT_TEAM = RHBB3377R2;
				INFOPLIST_FILE = MenusTask/Info.plist;
				LD_RUNPATH_SEARCH_PATHS = (
					"$(inherited)",
					"@executable_path/Frameworks",
				);
				PRODUCT_BUNDLE_IDENTIFIER = com.mena.MenusTask;
				PRODUCT_NAME = "$(TARGET_NAME)";
				SWIFT_VERSION = 5.0;
				TARGETED_DEVICE_FAMILY = "1,2";
			};
			name = Release;
		};
		D0D9FB5323E4770E00269AD9 /* Debug */ = {
			isa = XCBuildConfiguration;
			baseConfigurationReference = FF746C8F51607FEA89DD63C1 /* Pods-MenusTaskTests.debug.xcconfig */;
			buildSettings = {
				ALWAYS_EMBED_SWIFT_STANDARD_LIBRARIES = YES;
				BUNDLE_LOADER = "$(TEST_HOST)";
				CODE_SIGN_STYLE = Automatic;
				DEVELOPMENT_TEAM = RHBB3377R2;
				INFOPLIST_FILE = MenusTaskTests/Info.plist;
				IPHONEOS_DEPLOYMENT_TARGET = 13.2;
				LD_RUNPATH_SEARCH_PATHS = (
					"$(inherited)",
					"@executable_path/Frameworks",
					"@loader_path/Frameworks",
				);
				PRODUCT_BUNDLE_IDENTIFIER = com.mena.MenusTaskTests;
				PRODUCT_NAME = "$(TARGET_NAME)";
				SWIFT_VERSION = 5.0;
				TARGETED_DEVICE_FAMILY = "1,2";
				TEST_HOST = "$(BUILT_PRODUCTS_DIR)/MenusTask.app/MenusTask";
			};
			name = Debug;
		};
		D0D9FB5423E4770E00269AD9 /* Release */ = {
			isa = XCBuildConfiguration;
			baseConfigurationReference = 3CA4B9365F68F613262D1078 /* Pods-MenusTaskTests.release.xcconfig */;
			buildSettings = {
				ALWAYS_EMBED_SWIFT_STANDARD_LIBRARIES = YES;
				BUNDLE_LOADER = "$(TEST_HOST)";
				CODE_SIGN_STYLE = Automatic;
				DEVELOPMENT_TEAM = RHBB3377R2;
				INFOPLIST_FILE = MenusTaskTests/Info.plist;
				IPHONEOS_DEPLOYMENT_TARGET = 13.2;
				LD_RUNPATH_SEARCH_PATHS = (
					"$(inherited)",
					"@executable_path/Frameworks",
					"@loader_path/Frameworks",
				);
				PRODUCT_BUNDLE_IDENTIFIER = com.mena.MenusTaskTests;
				PRODUCT_NAME = "$(TARGET_NAME)";
				SWIFT_VERSION = 5.0;
				TARGETED_DEVICE_FAMILY = "1,2";
				TEST_HOST = "$(BUILT_PRODUCTS_DIR)/MenusTask.app/MenusTask";
			};
			name = Release;
		};
		D0D9FB5623E4770E00269AD9 /* Debug */ = {
			isa = XCBuildConfiguration;
			baseConfigurationReference = 2064E8389A39D9EBAE0E5D03 /* Pods-MenusTask-MenusTaskUITests.debug.xcconfig */;
			buildSettings = {
				ALWAYS_EMBED_SWIFT_STANDARD_LIBRARIES = YES;
				CODE_SIGN_STYLE = Automatic;
				DEVELOPMENT_TEAM = RHBB3377R2;
				INFOPLIST_FILE = MenusTaskUITests/Info.plist;
				LD_RUNPATH_SEARCH_PATHS = (
					"$(inherited)",
					"@executable_path/Frameworks",
					"@loader_path/Frameworks",
				);
				PRODUCT_BUNDLE_IDENTIFIER = com.mena.MenusTaskUITests;
				PRODUCT_NAME = "$(TARGET_NAME)";
				SWIFT_VERSION = 5.0;
				TARGETED_DEVICE_FAMILY = "1,2";
				TEST_TARGET_NAME = MenusTask;
			};
			name = Debug;
		};
		D0D9FB5723E4770E00269AD9 /* Release */ = {
			isa = XCBuildConfiguration;
			baseConfigurationReference = D45DC173AF2F83C5EF742817 /* Pods-MenusTask-MenusTaskUITests.release.xcconfig */;
			buildSettings = {
				ALWAYS_EMBED_SWIFT_STANDARD_LIBRARIES = YES;
				CODE_SIGN_STYLE = Automatic;
				DEVELOPMENT_TEAM = RHBB3377R2;
				INFOPLIST_FILE = MenusTaskUITests/Info.plist;
				LD_RUNPATH_SEARCH_PATHS = (
					"$(inherited)",
					"@executable_path/Frameworks",
					"@loader_path/Frameworks",
				);
				PRODUCT_BUNDLE_IDENTIFIER = com.mena.MenusTaskUITests;
				PRODUCT_NAME = "$(TARGET_NAME)";
				SWIFT_VERSION = 5.0;
				TARGETED_DEVICE_FAMILY = "1,2";
				TEST_TARGET_NAME = MenusTask;
			};
			name = Release;
		};
/* End XCBuildConfiguration section */

/* Begin XCConfigurationList section */
		D0D9FB2023E4770C00269AD9 /* Build configuration list for PBXProject "MenusTask" */ = {
			isa = XCConfigurationList;
			buildConfigurations = (
				D0D9FB4D23E4770E00269AD9 /* Debug */,
				D0D9FB4E23E4770E00269AD9 /* Release */,
			);
			defaultConfigurationIsVisible = 0;
			defaultConfigurationName = Release;
		};
		D0D9FB4F23E4770E00269AD9 /* Build configuration list for PBXNativeTarget "MenusTask" */ = {
			isa = XCConfigurationList;
			buildConfigurations = (
				D0D9FB5023E4770E00269AD9 /* Debug */,
				D0D9FB5123E4770E00269AD9 /* Release */,
			);
			defaultConfigurationIsVisible = 0;
			defaultConfigurationName = Release;
		};
		D0D9FB5223E4770E00269AD9 /* Build configuration list for PBXNativeTarget "MenusTaskTests" */ = {
			isa = XCConfigurationList;
			buildConfigurations = (
				D0D9FB5323E4770E00269AD9 /* Debug */,
				D0D9FB5423E4770E00269AD9 /* Release */,
			);
			defaultConfigurationIsVisible = 0;
			defaultConfigurationName = Release;
		};
		D0D9FB5523E4770E00269AD9 /* Build configuration list for PBXNativeTarget "MenusTaskUITests" */ = {
			isa = XCConfigurationList;
			buildConfigurations = (
				D0D9FB5623E4770E00269AD9 /* Debug */,
				D0D9FB5723E4770E00269AD9 /* Release */,
			);
			defaultConfigurationIsVisible = 0;
			defaultConfigurationName = Release;
		};
/* End XCConfigurationList section */
	};
	rootObject = D0D9FB1D23E4770C00269AD9 /* Project object */;
}
